
Microsoft Visual Studio Solution File, Format Version 12.00
# Visual Studio Version 17
VisualStudioVersion = 17.10.35027.167
MinimumVisualStudioVersion = 10.0.40219.1
Project("{9A19103F-16F7-4668-BE54-9A1E7A4F7556}") = "Bulky.Model", "Bulky.Model\Bulky.Model.csproj", "{D30F0B1E-DDA0-4D3A-A561-0CA605B2EAEA}"
EndProject
Project("{9A19103F-16F7-4668-BE54-9A1E7A4F7556}") = "Bulky.DAL", "Bulky.DAL\Bulky.DAL.csproj", "{122D63DF-B961-4FA4-BC66-F94444475FBD}"
EndProject
Project("{9A19103F-16F7-4668-BE54-9A1E7A4F7556}") = "Bulky.web", "Bulky.web\Bulky.web.csproj", "{F2D8172D-98A3-41EF-83F1-8A791127C366}"
EndProject
Project("{9A19103F-16F7-4668-BE54-9A1E7A4F7556}") = "Bulky.Utility", "Bulky.Utility\Bulky.Utility.csproj", "{1E7244CC-A722-414A-B5C6-EACB83706A2D}"
EndProject
Global
	GlobalSection(SolutionConfigurationPlatforms) = preSolution
		Debug|Any CPU = Debug|Any CPU
		Release|Any CPU = Release|Any CPU
	EndGlobalSection
	GlobalSection(ProjectConfigurationPlatforms) = postSolution
		{D30F0B1E-DDA0-4D3A-A561-0CA605B2EAEA}.Debug|Any CPU.ActiveCfg = Debug|Any CPU
		{D30F0B1E-DDA0-4D3A-A561-0CA605B2EAEA}.Debug|Any CPU.Build.0 = Debug|Any CPU
		{D30F0B1E-DDA0-4D3A-A561-0CA605B2EAEA}.Release|Any CPU.ActiveCfg = Release|Any CPU
		{D30F0B1E-DDA0-4D3A-A561-0CA605B2EAEA}.Release|Any CPU.Build.0 = Release|Any CPU
		{122D63DF-B961-4FA4-BC66-F94444475FBD}.Debug|Any CPU.ActiveCfg = Debug|Any CPU
		{122D63DF-B961-4FA4-BC66-F94444475FBD}.Debug|Any CPU.Build.0 = Debug|Any CPU
		{122D63DF-B961-4FA4-BC66-F94444475FBD}.Release|Any CPU.ActiveCfg = Release|Any CPU
		{122D63DF-B961-4FA4-BC66-F94444475FBD}.Release|Any CPU.Build.0 = Release|Any CPU
		{F2D8172D-98A3-41EF-83F1-8A791127C366}.Debug|Any CPU.ActiveCfg = Debug|Any CPU
		{F2D8172D-98A3-41EF-83F1-8A791127C366}.Debug|Any CPU.Build.0 = Debug|Any CPU
		{F2D8172D-98A3-41EF-83F1-8A791127C366}.Release|Any CPU.ActiveCfg = Release|Any CPU
		{F2D8172D-98A3-41EF-83F1-8A791127C366}.Release|Any CPU.Build.0 = Release|Any CPU
		{1E7244CC-A722-414A-B5C6-EACB83706A2D}.Debug|Any CPU.ActiveCfg = Debug|Any CPU
		{1E7244CC-A722-414A-B5C6-EACB83706A2D}.Debug|Any CPU.Build.0 = Debug|Any CPU
		{1E7244CC-A722-414A-B5C6-EACB83706A2D}.Release|Any CPU.ActiveCfg = Release|Any CPU
		{1E7244CC-A722-414A-B5C6-EACB83706A2D}.Release|Any CPU.Build.0 = Release|Any CPU
	EndGlobalSection
	GlobalSection(SolutionProperties) = preSolution
		HideSolutionNode = FALSE
	EndGlobalSection
	GlobalSection(ExtensibilityGlobals) = postSolution
		SolutionGuid = {F9C018EB-001A-4293-8C89-376F86ED6630}
	EndGlobalSection
EndGlobal
