
Microsoft Visual Studio Solution File, Format Version 12.00
# Visual Studio Version 17
VisualStudioVersion = 17.10.35027.167
MinimumVisualStudioVersion = 10.0.40219.1
Project("{9A19103F-16F7-4668-BE54-9A1E7A4F7556}") = "BulkyBook.DAL", "BulkyBook.DAL\BulkyBook.DAL.csproj", "{8738C60E-D355-41DF-A137-F05ED8F6A532}"
EndProject
Project("{9A19103F-16F7-4668-BE54-9A1E7A4F7556}") = "BulkyBook.Model", "BulkyBook.Model\BulkyBook.Model.csproj", "{BE1BC456-53E2-4712-A27A-B1D7FCB0C423}"
EndProject
Project("{9A19103F-16F7-4668-BE54-9A1E7A4F7556}") = "BulkyBook.Utility", "BulkyBook.Utility\BulkyBook.Utility.csproj", "{81378294-8A15-434E-93D8-64C583FC9D73}"
EndProject
Project("{9A19103F-16F7-4668-BE54-9A1E7A4F7556}") = "BulkyBook.web", "BulkyBook.web\BulkyBook.web.csproj", "{31484310-E84A-4154-8D1E-CCE2190C3992}"
EndProject
Project("{FAE04EC0-301F-11D3-BF4B-00C04F79EFBC}") = "BulkyBook.BLL", "BulkyBook.BLL\BulkyBook.BLL.csproj", "{3DD299B4-E710-4810-9422-C6EEA0137E9F}"
EndProject
Global
	GlobalSection(SolutionConfigurationPlatforms) = preSolution
		Debug|Any CPU = Debug|Any CPU
		Release|Any CPU = Release|Any CPU
	EndGlobalSection
	GlobalSection(ProjectConfigurationPlatforms) = postSolution
		{8738C60E-D355-41DF-A137-F05ED8F6A532}.Debug|Any CPU.ActiveCfg = Debug|Any CPU
		{8738C60E-D355-41DF-A137-F05ED8F6A532}.Debug|Any CPU.Build.0 = Debug|Any CPU
		{8738C60E-D355-41DF-A137-F05ED8F6A532}.Release|Any CPU.ActiveCfg = Release|Any CPU
		{8738C60E-D355-41DF-A137-F05ED8F6A532}.Release|Any CPU.Build.0 = Release|Any CPU
		{BE1BC456-53E2-4712-A27A-B1D7FCB0C423}.Debug|Any CPU.ActiveCfg = Debug|Any CPU
		{BE1BC456-53E2-4712-A27A-B1D7FCB0C423}.Debug|Any CPU.Build.0 = Debug|Any CPU
		{BE1BC456-53E2-4712-A27A-B1D7FCB0C423}.Release|Any CPU.ActiveCfg = Release|Any CPU
		{BE1BC456-53E2-4712-A27A-B1D7FCB0C423}.Release|Any CPU.Build.0 = Release|Any CPU
		{81378294-8A15-434E-93D8-64C583FC9D73}.Debug|Any CPU.ActiveCfg = Debug|Any CPU
		{81378294-8A15-434E-93D8-64C583FC9D73}.Debug|Any CPU.Build.0 = Debug|Any CPU
		{81378294-8A15-434E-93D8-64C583FC9D73}.Release|Any CPU.ActiveCfg = Release|Any CPU
		{81378294-8A15-434E-93D8-64C583FC9D73}.Release|Any CPU.Build.0 = Release|Any CPU
		{31484310-E84A-4154-8D1E-CCE2190C3992}.Debug|Any CPU.ActiveCfg = Debug|Any CPU
		{31484310-E84A-4154-8D1E-CCE2190C3992}.Debug|Any CPU.Build.0 = Debug|Any CPU
		{31484310-E84A-4154-8D1E-CCE2190C3992}.Release|Any CPU.ActiveCfg = Release|Any CPU
		{31484310-E84A-4154-8D1E-CCE2190C3992}.Release|Any CPU.Build.0 = Release|Any CPU
		{3DD299B4-E710-4810-9422-C6EEA0137E9F}.Debug|Any CPU.ActiveCfg = Debug|Any CPU
		{3DD299B4-E710-4810-9422-C6EEA0137E9F}.Debug|Any CPU.Build.0 = Debug|Any CPU
		{3DD299B4-E710-4810-9422-C6EEA0137E9F}.Release|Any CPU.ActiveCfg = Release|Any CPU
		{3DD299B4-E710-4810-9422-C6EEA0137E9F}.Release|Any CPU.Build.0 = Release|Any CPU
	EndGlobalSection
	GlobalSection(SolutionProperties) = preSolution
		HideSolutionNode = FALSE
	EndGlobalSection
	GlobalSection(ExtensibilityGlobals) = postSolution
		SolutionGuid = {F9C018EB-001A-4293-8C89-376F86ED6630}
	EndGlobalSection
EndGlobal
